
Microsoft Visual Studio Solution File, Format Version 12.00
# Visual Studio 15
VisualStudioVersion = 15.0.27703.2042
MinimumVisualStudioVersion = 10.0.40219.1
Project("{9A19103F-16F7-4668-BE54-9A1E7A4F7556}") = "MyIdentity", "MyIdentity.csproj", "{6BED493B-AAA0-4775-918B-5F59D67BC522}"
EndProject
Global
	GlobalSection(SolutionConfigurationPlatforms) = preSolution
		Debug|Any CPU = Debug|Any CPU
		Release|Any CPU = Release|Any CPU
	EndGlobalSection
	GlobalSection(ProjectConfigurationPlatforms) = postSolution
		{6BED493B-AAA0-4775-918B-5F59D67BC522}.Debug|Any CPU.ActiveCfg = Debug|Any CPU
		{6BED493B-AAA0-4775-918B-5F59D67BC522}.Debug|Any CPU.Build.0 = Debug|Any CPU
		{6BED493B-AAA0-4775-918B-5F59D67BC522}.Release|Any CPU.ActiveCfg = Release|Any CPU
		{6BED493B-AAA0-4775-918B-5F59D67BC522}.Release|Any CPU.Build.0 = Release|Any CPU
	EndGlobalSection
	GlobalSection(SolutionProperties) = preSolution
		HideSolutionNode = FALSE
	EndGlobalSection
	GlobalSection(ExtensibilityGlobals) = postSolution
		SolutionGuid = {746B8D37-D20C-4467-8700-1D2DD9B94008}
	EndGlobalSection
EndGlobal
